PODS:
  - Alamofire (5.4.2)
  - AlamofireImage (4.1.0):
    - Alamofire (~> 5.1)
  - ModFavoritos (0.1.0)

DEPENDENCIES:
  - Alamofire (~> 5.4.1)
  - AlamofireImage (~> 4.1.0)
  - ModFavoritos (from `../`)

SPEC REPOS:
  trunk:
    - Alamofire
    - AlamofireImage

EXTERNAL SOURCES:
  ModFavoritos:
    :path: "../"

SPEC CHECKSUMS:
  Alamofire: bfbc4c2fe5909b1d94fb4ef2277c6b3727ef5dae
  AlamofireImage: c4a2ba349885fb3064feb74d2e547bd42ce9be10
  ModFavoritos: 7b67d44caf3fbf4dd5675aaa5d921170669a1090

PODFILE CHECKSUM: 14431cd66f5344e081efc8fdb09588c09d7c7d9d

COCOAPODS: 1.10.1
